
Microsoft Visual Studio Solution File, Format Version 12.00
# Visual Studio Version 17
VisualStudioVersion = 17.9.34701.34
MinimumVisualStudioVersion = 10.0.40219.1
Project("{FAE04EC0-301F-11D3-BF4B-00C04F79EFBC}") = "CoffeeMachineSystem", "CoffeeMachineSystem.csproj", "{78CA2CF1-20A8-4354-8A7F-6C3A5664B483}"
EndProject
Global
	GlobalSection(SolutionConfigurationPlatforms) = preSolution
		Debug|Any CPU = Debug|Any CPU
		Release|Any CPU = Release|Any CPU
	EndGlobalSection
	GlobalSection(ProjectConfigurationPlatforms) = postSolution
		{78CA2CF1-20A8-4354-8A7F-6C3A5664B483}.Debug|Any CPU.ActiveCfg = Debug|Any CPU
		{78CA2CF1-20A8-4354-8A7F-6C3A5664B483}.Debug|Any CPU.Build.0 = Debug|Any CPU
		{78CA2CF1-20A8-4354-8A7F-6C3A5664B483}.Release|Any CPU.ActiveCfg = Release|Any CPU
		{78CA2CF1-20A8-4354-8A7F-6C3A5664B483}.Release|Any CPU.Build.0 = Release|Any CPU
	EndGlobalSection
	GlobalSection(SolutionProperties) = preSolution
		HideSolutionNode = FALSE
	EndGlobalSection
	GlobalSection(ExtensibilityGlobals) = postSolution
		SolutionGuid = {7E39A220-14D2-47F8-9ECE-210476E66600}
	EndGlobalSection
EndGlobal
